// !$*UTF8*$!
{
	archiveVersion = 1;
	classes = {
	};
	objectVersion = 46;
	objects = {

/* Begin PBXBuildFile section */
		3411222FC3D652C1FAB93D8C /* Pods_Acronym.framework in Frameworks */ = {isa = PBXBuildFile; fileRef = 8B396737A00FCA8A04CF1CCB /* Pods_Acronym.framework */; };
		BF70BBE21E79F39600851992 /* AppDelegate.swift in Sources */ = {isa = PBXBuildFile; fileRef = BF70BBE11E79F39600851992 /* AppDelegate.swift */; };
		BF70BBE71E79F39600851992 /* Main.storyboard in Resources */ = {isa = PBXBuildFile; fileRef = BF70BBE51E79F39600851992 /* Main.storyboard */; };
		BF70BBE91E79F39600851992 /* Assets.xcassets in Resources */ = {isa = PBXBuildFile; fileRef = BF70BBE81E79F39600851992 /* Assets.xcassets */; };
		BF70BBEC1E79F39600851992 /* LaunchScreen.storyboard in Resources */ = {isa = PBXBuildFile; fileRef = BF70BBEA1E79F39600851992 /* LaunchScreen.storyboard */; };
		BF70BBFA1E79F53A00851992 /* AcronymTable.swift in Sources */ = {isa = PBXBuildFile; fileRef = BF70BBF91E79F53A00851992 /* AcronymTable.swift */; };
		BF70BC011E7A084B00851992 /* AcronymModel.swift in Sources */ = {isa = PBXBuildFile; fileRef = BF70BC001E7A084B00851992 /* AcronymModel.swift */; };
		BF70BC051E7A163700851992 /* AcronymTable++.swift in Sources */ = {isa = PBXBuildFile; fileRef = BF70BC041E7A163700851992 /* AcronymTable++.swift */; };
/* End PBXBuildFile section */

/* Begin PBXFileReference section */
		405721C39D8EA5C2E64C7DCE /* Pods-Acronym.debug.xcconfig */ = {isa = PBXFileReference; includeInIndex = 1; lastKnownFileType = text.xcconfig; name = "Pods-Acronym.debug.xcconfig"; path = "Pods/Target Support Files/Pods-Acronym/Pods-Acronym.debug.xcconfig"; sourceTree = "<group>"; };
		52AB897E1FC17E446BE35E82 /* Pods-Acronym.release.xcconfig */ = {isa = PBXFileReference; includeInIndex = 1; lastKnownFileType = text.xcconfig; name = "Pods-Acronym.release.xcconfig"; path = "Pods/Target Support Files/Pods-Acronym/Pods-Acronym.release.xcconfig"; sourceTree = "<group>"; };
		8B396737A00FCA8A04CF1CCB /* Pods_Acronym.framework */ = {isa = PBXFileReference; explicitFileType = wrapper.framework; includeInIndex = 0; path = Pods_Acronym.framework; sourceTree = BUILT_PRODUCTS_DIR; };
		BF70BBDE1E79F39600851992 /* Acronym.app */ = {isa = PBXFileReference; explicitFileType = wrapper.application; includeInIndex = 0; path = Acronym.app; sourceTree = BUILT_PRODUCTS_DIR; };
		BF70BBE11E79F39600851992 /* AppDelegate.swift */ = {isa = PBXFileReference; lastKnownFileType = sourcecode.swift; path = AppDelegate.swift; sourceTree = "<group>"; };
		BF70BBE61E79F39600851992 /* Base */ = {isa = PBXFileReference; lastKnownFileType = file.storyboard; name = Base; path = Base.lproj/Main.storyboard; sourceTree = "<group>"; };
		BF70BBE81E79F39600851992 /* Assets.xcassets */ = {isa = PBXFileReference; lastKnownFileType = folder.assetcatalog; path = Assets.xcassets; sourceTree = "<group>"; };
		BF70BBEB1E79F39600851992 /* Base */ = {isa = PBXFileReference; lastKnownFileType = file.storyboard; name = Base; path = Base.lproj/LaunchScreen.storyboard; sourceTree = "<group>"; };
		BF70BBED1E79F39600851992 /* Info.plist */ = {isa = PBXFileReference; lastKnownFileType = text.plist.xml; path = Info.plist; sourceTree = "<group>"; };
		BF70BBF91E79F53A00851992 /* AcronymTable.swift */ = {isa = PBXFileReference; fileEncoding = 4; lastKnownFileType = sourcecode.swift; path = AcronymTable.swift; sourceTree = "<group>"; };
		BF70BC001E7A084B00851992 /* AcronymModel.swift */ = {isa = PBXFileReference; fileEncoding = 4; lastKnownFileType = sourcecode.swift; path = AcronymModel.swift; sourceTree = "<group>"; };
		BF70BC041E7A163700851992 /* AcronymTable++.swift */ = {isa = PBXFileReference; fileEncoding = 4; lastKnownFileType = sourcecode.swift; path = "AcronymTable++.swift"; sourceTree = "<group>"; };
/* End PBXFileReference section */

/* Begin PBXFrameworksBuildPhase section */
		BF70BBDB1E79F39600851992 /* Frameworks */ = {
			isa = PBXFrameworksBuildPhase;
			buildActionMask = 2147483647;
			files = (
				3411222FC3D652C1FAB93D8C /* Pods_Acronym.framework in Frameworks */,
			);
			runOnlyForDeploymentPostprocessing = 0;
		};
/* End PBXFrameworksBuildPhase section */

/* Begin PBXGroup section */
		37B671C8A1511E8E82D4E140 /* Frameworks */ = {
			isa = PBXGroup;
			children = (
				8B396737A00FCA8A04CF1CCB /* Pods_Acronym.framework */,
			);
			name = Frameworks;
			sourceTree = "<group>";
		};
		BF70BBD51E79F39600851992 = {
			isa = PBXGroup;
			children = (
				BF70BBE01E79F39600851992 /* Acronym */,
				BF70BBDF1E79F39600851992 /* Products */,
				DA4E113C9F98F33FA200DB91 /* Pods */,
				37B671C8A1511E8E82D4E140 /* Frameworks */,
			);
			sourceTree = "<group>";
		};
		BF70BBDF1E79F39600851992 /* Products */ = {
			isa = PBXGroup;
			children = (
				BF70BBDE1E79F39600851992 /* Acronym.app */,
			);
			name = Products;
			sourceTree = "<group>";
		};
		BF70BBE01E79F39600851992 /* Acronym */ = {
			isa = PBXGroup;
			children = (
				BF70BBF81E79F4A200851992 /* Controller */,
				BF70BBF61E79F49800851992 /* Model */,
				BF70BC071E7A177000851992 /* Extensions */,
				BF70BBF31E79F47900851992 /* Interface */,
				BF70BBF51E79F48F00851992 /* Support */,
			);
			path = Acronym;
			sourceTree = "<group>";
		};
		BF70BBF31E79F47900851992 /* Interface */ = {
			isa = PBXGroup;
			children = (
				BF70BBE51E79F39600851992 /* Main.storyboard */,
				BF70BBEA1E79F39600851992 /* LaunchScreen.storyboard */,
			);
			name = Interface;
			sourceTree = "<group>";
		};
		BF70BBF51E79F48F00851992 /* Support */ = {
			isa = PBXGroup;
			children = (
				BF70BBE11E79F39600851992 /* AppDelegate.swift */,
				BF70BBE81E79F39600851992 /* Assets.xcassets */,
				BF70BBED1E79F39600851992 /* Info.plist */,
			);
			name = Support;
			sourceTree = "<group>";
		};
		BF70BBF61E79F49800851992 /* Model */ = {
			isa = PBXGroup;
			children = (
				BF70BC001E7A084B00851992 /* AcronymModel.swift */,
			);
			name = Model;
			sourceTree = "<group>";
		};
		BF70BBF81E79F4A200851992 /* Controller */ = {
			isa = PBXGroup;
			children = (
				BF70BBF91E79F53A00851992 /* AcronymTable.swift */,
			);
			name = Controller;
			sourceTree = "<group>";
		};
		BF70BC071E7A177000851992 /* Extensions */ = {
			isa = PBXGroup;
			children = (
				BF70BC041E7A163700851992 /* AcronymTable++.swift */,
			);
			name = Extensions;
			sourceTree = "<group>";
		};
		DA4E113C9F98F33FA200DB91 /* Pods */ = {
			isa = PBXGroup;
			children = (
				405721C39D8EA5C2E64C7DCE /* Pods-Acronym.debug.xcconfig */,
				52AB897E1FC17E446BE35E82 /* Pods-Acronym.release.xcconfig */,
			);
			name = Pods;
			sourceTree = "<group>";
		};
/* End PBXGroup section */

/* Begin PBXNativeTarget section */
		BF70BBDD1E79F39600851992 /* Acronym */ = {
			isa = PBXNativeTarget;
			buildConfigurationList = BF70BBF01E79F39600851992 /* Build configuration list for PBXNativeTarget "Acronym" */;
			buildPhases = (
				E2912DAFE78959853D582A63 /* [CP] Check Pods Manifest.lock */,
				BF70BBDA1E79F39600851992 /* Sources */,
				BF70BBDB1E79F39600851992 /* Frameworks */,
				BF70BBDC1E79F39600851992 /* Resources */,
				8658A371E4775A0207D1E1B4 /* [CP] Embed Pods Frameworks */,
				320009816DB4E0249467EA28 /* [CP] Copy Pods Resources */,
			);
			buildRules = (
			);
			dependencies = (
			);
			name = Acronym;
			productName = Acronym;
			productReference = BF70BBDE1E79F39600851992 /* Acronym.app */;
			productType = "com.apple.product-type.application";
		};
/* End PBXNativeTarget section */

/* Begin PBXProject section */
		BF70BBD61E79F39600851992 /* Project object */ = {
			isa = PBXProject;
			attributes = {
				LastSwiftUpdateCheck = 0820;
				LastUpgradeCheck = 0820;
				ORGANIZATIONNAME = Ampe;
				TargetAttributes = {
					BF70BBDD1E79F39600851992 = {
						CreatedOnToolsVersion = 8.2.1;
						DevelopmentTeam = E7AGR9GU94;
						ProvisioningStyle = Automatic;
					};
				};
			};
			buildConfigurationList = BF70BBD91E79F39600851992 /* Build configuration list for PBXProject "Acronym" */;
			compatibilityVersion = "Xcode 3.2";
			developmentRegion = English;
			hasScannedForEncodings = 0;
			knownRegions = (
				en,
				Base,
			);
			mainGroup = BF70BBD51E79F39600851992;
			productRefGroup = BF70BBDF1E79F39600851992 /* Products */;
			projectDirPath = "";
			projectRoot = "";
			targets = (
				BF70BBDD1E79F39600851992 /* Acronym */,
			);
		};
/* End PBXProject section */

/* Begin PBXResourcesBuildPhase section */
		BF70BBDC1E79F39600851992 /* Resources */ = {
			isa = PBXResourcesBuildPhase;
			buildActionMask = 2147483647;
			files = (
				BF70BBEC1E79F39600851992 /* LaunchScreen.storyboard in Resources */,
				BF70BBE91E79F39600851992 /* Assets.xcassets in Resources */,
				BF70BBE71E79F39600851992 /* Main.storyboard in Resources */,
			);
			runOnlyForDeploymentPostprocessing = 0;
		};
/* End PBXResourcesBuildPhase section */

/* Begin PBXShellScriptBuildPhase section */
		320009816DB4E0249467EA28 /* [CP] Copy Pods Resources */ = {
			isa = PBXShellScriptBuildPhase;
			buildActionMask = 2147483647;
			files = (
			);
			inputPaths = (
			);
			name = "[CP] Copy Pods Resources";
			outputPaths = (
			);
			runOnlyForDeploymentPostprocessing = 0;
			shellPath = /bin/sh;
			shellScript = "\"${SRCROOT}/Pods/Target Support Files/Pods-Acronym/Pods-Acronym-resources.sh\"\n";
			showEnvVarsInLog = 0;
		};
		8658A371E4775A0207D1E1B4 /* [CP] Embed Pods Frameworks */ = {
			isa = PBXShellScriptBuildPhase;
			buildActionMask = 2147483647;
			files = (
			);
			inputPaths = (
			);
			name = "[CP] Embed Pods Frameworks";
			outputPaths = (
			);
			runOnlyForDeploymentPostprocessing = 0;
			shellPath = /bin/sh;
			shellScript = "\"${SRCROOT}/Pods/Target Support Files/Pods-Acronym/Pods-Acronym-frameworks.sh\"\n";
			showEnvVarsInLog = 0;
		};
		E2912DAFE78959853D582A63 /* [CP] Check Pods Manifest.lock */ = {
			isa = PBXShellScriptBuildPhase;
			buildActionMask = 2147483647;
			files = (
			);
			inputPaths = (
			);
			name = "[CP] Check Pods Manifest.lock";
			outputPaths = (
			);
			runOnlyForDeploymentPostprocessing = 0;
			shellPath = /bin/sh;
			shellScript = "diff \"${PODS_ROOT}/../Podfile.lock\" \"${PODS_ROOT}/Manifest.lock\" > /dev/null\nif [ $? != 0 ] ; then\n    # print error to STDERR\n    echo \"error: The sandbox is not in sync with the Podfile.lock. Run 'pod install' or update your CocoaPods installation.\" >&2\n    exit 1\nfi\n";
			showEnvVarsInLog = 0;
		};
/* End PBXShellScriptBuildPhase section */

/* Begin PBXSourcesBuildPhase section */
		BF70BBDA1E79F39600851992 /* Sources */ = {
			isa = PBXSourcesBuildPhase;
			buildActionMask = 2147483647;
			files = (
				BF70BC011E7A084B00851992 /* AcronymModel.swift in Sources */,
				BF70BBFA1E79F53A00851992 /* AcronymTable.swift in Sources */,
				BF70BC051E7A163700851992 /* AcronymTable++.swift in Sources */,
				BF70BBE21E79F39600851992 /* AppDelegate.swift in Sources */,
			);
			runOnlyForDeploymentPostprocessing = 0;
		};
/* End PBXSourcesBuildPhase section */

/* Begin PBXVariantGroup section */
		BF70BBE51E79F39600851992 /* Main.storyboard */ = {
			isa = PBXVariantGroup;
			children = (
				BF70BBE61E79F39600851992 /* Base */,
			);
			name = Main.storyboard;
			sourceTree = "<group>";
		};
		BF70BBEA1E79F39600851992 /* LaunchScreen.storyboard */ = {
			isa = PBXVariantGroup;
			children = (
				BF70BBEB1E79F39600851992 /* Base */,
			);
			name = LaunchScreen.storyboard;
			sourceTree = "<group>";
		};
/* End PBXVariantGroup section */

/* Begin XCBuildConfiguration section */
		BF70BBEE1E79F39600851992 /* Debug */ = {
			isa = XCBuildConfiguration;
			buildSettings = {
				ALWAYS_SEARCH_USER_PATHS = NO;
				CLANG_ANALYZER_NONNULL = YES;
				CLANG_CXX_LANGUAGE_STANDARD = "gnu++0x";
				CLANG_CXX_LIBRARY = "libc++";
				CLANG_ENABLE_MODULES = YES;
				CLANG_ENABLE_OBJC_ARC = YES;
				CLANG_WARN_BOOL_CONVERSION = YES;
				CLANG_WARN_CONSTANT_CONVERSION = YES;
				CLANG_WARN_DIRECT_OBJC_ISA_USAGE = YES_ERROR;
				CLANG_WARN_DOCUMENTATION_COMMENTS = YES;
				CLANG_WARN_EMPTY_BODY = YES;
				CLANG_WARN_ENUM_CONVERSION = YES;
				CLANG_WARN_INFINITE_RECURSION = YES;
				CLANG_WARN_INT_CONVERSION = YES;
				CLANG_WARN_OBJC_ROOT_CLASS = YES_ERROR;
				CLANG_WARN_SUSPICIOUS_MOVE = YES;
				CLANG_WARN_UNREACHABLE_CODE = YES;
				CLANG_WARN__DUPLICATE_METHOD_MATCH = YES;
				"CODE_SIGN_IDENTITY[sdk=iphoneos*]" = "iPhone Developer";
				COPY_PHASE_STRIP = NO;
				DEBUG_INFORMATION_FORMAT = dwarf;
				ENABLE_STRICT_OBJC_MSGSEND = YES;
				ENABLE_TESTABILITY = YES;
				GCC_C_LANGUAGE_STANDARD = gnu99;
				GCC_DYNAMIC_NO_PIC = NO;
				GCC_NO_COMMON_BLOCKS = YES;
				GCC_OPTIMIZATION_LEVEL = 0;
				GCC_PREPROCESSOR_DEFINITIONS = (
					"DEBUG=1",
					"$(inherited)",
				);
				GCC_WARN_64_TO_32_BIT_CONVERSION = YES;
				GCC_WARN_ABOUT_RETURN_TYPE = YES_ERROR;
				GCC_WARN_UNDECLARED_SELECTOR = YES;
				GCC_WARN_UNINITIALIZED_AUTOS = YES_AGGRESSIVE;
				GCC_WARN_UNUSED_FUNCTION = YES;
				GCC_WARN_UNUSED_VARIABLE = YES;
				IPHONEOS_DEPLOYMENT_TARGET = 10.2;
				MTL_ENABLE_DEBUG_INFO = YES;
				ONLY_ACTIVE_ARCH = YES;
				SDKROOT = iphoneos;
				SWIFT_ACTIVE_COMPILATION_CONDITIONS = DEBUG;
				SWIFT_OPTIMIZATION_LEVEL = "-Onone";
				TARGETED_DEVICE_FAMILY = "1,2";
			};
			name = Debug;
		};
		BF70BBEF1E79F39600851992 /* Release */ = {
			isa = XCBuildConfiguration;
			buildSettings = {
				ALWAYS_SEARCH_USER_PATHS = NO;
				CLANG_ANALYZER_NONNULL = YES;
				CLANG_CXX_LANGUAGE_STANDARD = "gnu++0x";
				CLANG_CXX_LIBRARY = "libc++";
				CLANG_ENABLE_MODULES = YES;
				CLANG_ENABLE_OBJC_ARC = YES;
				CLANG_WARN_BOOL_CONVERSION = YES;
				CLANG_WARN_CONSTANT_CONVERSION = YES;
				CLANG_WARN_DIRECT_OBJC_ISA_USAGE = YES_ERROR;
				CLANG_WARN_DOCUMENTATION_COMMENTS = YES;
				CLANG_WARN_EMPTY_BODY = YES;
				CLANG_WARN_ENUM_CONVERSION = YES;
				CLANG_WARN_INFINITE_RECURSION = YES;
				CLANG_WARN_INT_CONVERSION = YES;
				CLANG_WARN_OBJC_ROOT_CLASS = YES_ERROR;
				CLANG_WARN_SUSPICIOUS_MOVE = YES;
				CLANG_WARN_UNREACHABLE_CODE = YES;
				CLANG_WARN__DUPLICATE_METHOD_MATCH = YES;
				"CODE_SIGN_IDENTITY[sdk=iphoneos*]" = "iPhone Developer";
				COPY_PHASE_STRIP = NO;
				DEBUG_INFORMATION_FORMAT = "dwarf-with-dsym";
				ENABLE_NS_ASSERTIONS = NO;
				ENABLE_STRICT_OBJC_MSGSEND = YES;
				GCC_C_LANGUAGE_STANDARD = gnu99;
				GCC_NO_COMMON_BLOCKS = YES;
				GCC_WARN_64_TO_32_BIT_CONVERSION = YES;
				GCC_WARN_ABOUT_RETURN_TYPE = YES_ERROR;
				GCC_WARN_UNDECLARED_SELECTOR = YES;
				GCC_WARN_UNINITIALIZED_AUTOS = YES_AGGRESSIVE;
				GCC_WARN_UNUSED_FUNCTION = YES;
				GCC_WARN_UNUSED_VARIABLE = YES;
				IPHONEOS_DEPLOYMENT_TARGET = 10.2;
				MTL_ENABLE_DEBUG_INFO = NO;
				SDKROOT = iphoneos;
				SWIFT_OPTIMIZATION_LEVEL = "-Owholemodule";
				TARGETED_DEVICE_FAMILY = "1,2";
				VALIDATE_PRODUCT = YES;
			};
			name = Release;
		};
		BF70BBF11E79F39600851992 /* Debug */ = {
			isa = XCBuildConfiguration;
			baseConfigurationReference = 405721C39D8EA5C2E64C7DCE /* Pods-Acronym.debug.xcconfig */;
			buildSettings = {
				ASSETCATALOG_COMPILER_APPICON_NAME = AppIcon;
				DEVELOPMENT_TEAM = E7AGR9GU94;
				INFOPLIST_FILE = Acronym/Info.plist;
				LD_RUNPATH_SEARCH_PATHS = "$(inherited) @executable_path/Frameworks";
				PRODUCT_BUNDLE_IDENTIFIER = Ampe.Acronym;
				PRODUCT_NAME = "$(TARGET_NAME)";
				SWIFT_VERSION = 3.0;
			};
			name = Debug;
		};
		BF70BBF21E79F39600851992 /* Release */ = {
			isa = XCBuildConfiguration;
			baseConfigurationReference = 52AB897E1FC17E446BE35E82 /* Pods-Acronym.release.xcconfig */;
			buildSettings = {
				ASSETCATALOG_COMPILER_APPICON_NAME = AppIcon;
				DEVELOPMENT_TEAM = E7AGR9GU94;
				INFOPLIST_FILE = Acronym/Info.plist;
				LD_RUNPATH_SEARCH_PATHS = "$(inherited) @executable_path/Frameworks";
				PRODUCT_BUNDLE_IDENTIFIER = Ampe.Acronym;
				PRODUCT_NAME = "$(TARGET_NAME)";
				SWIFT_VERSION = 3.0;
			};
			name = Release;
		};
/* End XCBuildConfiguration section */

/* Begin XCConfigurationList section */
		BF70BBD91E79F39600851992 /* Build configuration list for PBXProject "Acronym" */ = {
			isa = XCConfigurationList;
			buildConfigurations = (
				BF70BBEE1E79F39600851992 /* Debug */,
				BF70BBEF1E79F39600851992 /* Release */,
			);
			defaultConfigurationIsVisible = 0;
			defaultConfigurationName = Release;
		};
		BF70BBF01E79F39600851992 /* Build configuration list for PBXNativeTarget "Acronym" */ = {
			isa = XCConfigurationList;
			buildConfigurations = (
				BF70BBF11E79F39600851992 /* Debug */,
				BF70BBF21E79F39600851992 /* Release */,
			);
			defaultConfigurationIsVisible = 0;
			defaultConfigurationName = Release;
		};
/* End XCConfigurationList section */
	};
	rootObject = BF70BBD61E79F39600851992 /* Project object */;
}
